
Microsoft Visual Studio Solution File, Format Version 12.00
Project("{FAE04EC0-301F-11D3-BF4B-00C04F79EFBC}") = "KL.Calc", "KL.Calc\KL.Calc.csproj", "{7E7DEB33-D39C-45C4-AD94-AA9E5C59E503}"
EndProject
Project("{FAE04EC0-301F-11D3-BF4B-00C04F79EFBC}") = "KL.PxParse", "KL.PxParse\KL.PxParse.csproj", "{AB30E450-626B-403A-8299-30B5A01F9EB6}"
EndProject
Project("{FAE04EC0-301F-11D3-BF4B-00C04F79EFBC}") = "KL.Common", "KL.Common\KL.Common.csproj", "{92AAC932-C1ED-4045-B0D3-E11B4B4E8EA3}"
EndProject
Project("{FAE04EC0-301F-11D3-BF4B-00C04F79EFBC}") = "KL.Touchance", "KL.Touchance\KL.Touchance.csproj", "{17BD9FE4-5B9F-4D11-905C-8199EB5B1C18}"
EndProject
Project("{FAE04EC0-301F-11D3-BF4B-00C04F79EFBC}") = "KL.Sandbox", "KL.Sandbox\KL.Sandbox.csproj", "{537CAE3C-9E86-4A1F-B33F-15F8FB9D5A94}"
EndProject
Project("{FAE04EC0-301F-11D3-BF4B-00C04F79EFBC}") = "KL.Proto", "KL.Proto\KL.Proto.csproj", "{5DB6C9AA-6234-4138-98F7-A71C78C1CCC2}"
EndProject
Project("{FAE04EC0-301F-11D3-BF4B-00C04F79EFBC}") = "KL.GrpcCaller", "KL.GrpcCaller\KL.GrpcCaller.csproj", "{599ECEA1-1F7A-4CCC-B642-71A57B310860}"
EndProject
Global
	GlobalSection(SolutionConfigurationPlatforms) = preSolution
		Debug|Any CPU = Debug|Any CPU
		Release|Any CPU = Release|Any CPU
	EndGlobalSection
	GlobalSection(ProjectConfigurationPlatforms) = postSolution
		{7E7DEB33-D39C-45C4-AD94-AA9E5C59E503}.Debug|Any CPU.ActiveCfg = Debug|Any CPU
		{7E7DEB33-D39C-45C4-AD94-AA9E5C59E503}.Debug|Any CPU.Build.0 = Debug|Any CPU
		{7E7DEB33-D39C-45C4-AD94-AA9E5C59E503}.Release|Any CPU.ActiveCfg = Release|Any CPU
		{7E7DEB33-D39C-45C4-AD94-AA9E5C59E503}.Release|Any CPU.Build.0 = Release|Any CPU
		{AB30E450-626B-403A-8299-30B5A01F9EB6}.Debug|Any CPU.ActiveCfg = Debug|Any CPU
		{AB30E450-626B-403A-8299-30B5A01F9EB6}.Debug|Any CPU.Build.0 = Debug|Any CPU
		{AB30E450-626B-403A-8299-30B5A01F9EB6}.Release|Any CPU.ActiveCfg = Release|Any CPU
		{AB30E450-626B-403A-8299-30B5A01F9EB6}.Release|Any CPU.Build.0 = Release|Any CPU
		{92AAC932-C1ED-4045-B0D3-E11B4B4E8EA3}.Debug|Any CPU.ActiveCfg = Debug|Any CPU
		{92AAC932-C1ED-4045-B0D3-E11B4B4E8EA3}.Debug|Any CPU.Build.0 = Debug|Any CPU
		{92AAC932-C1ED-4045-B0D3-E11B4B4E8EA3}.Release|Any CPU.ActiveCfg = Release|Any CPU
		{92AAC932-C1ED-4045-B0D3-E11B4B4E8EA3}.Release|Any CPU.Build.0 = Release|Any CPU
		{17BD9FE4-5B9F-4D11-905C-8199EB5B1C18}.Debug|Any CPU.ActiveCfg = Debug|Any CPU
		{17BD9FE4-5B9F-4D11-905C-8199EB5B1C18}.Debug|Any CPU.Build.0 = Debug|Any CPU
		{17BD9FE4-5B9F-4D11-905C-8199EB5B1C18}.Release|Any CPU.ActiveCfg = Release|Any CPU
		{17BD9FE4-5B9F-4D11-905C-8199EB5B1C18}.Release|Any CPU.Build.0 = Release|Any CPU
		{537CAE3C-9E86-4A1F-B33F-15F8FB9D5A94}.Release|Any CPU.ActiveCfg = Release|Any CPU
		{537CAE3C-9E86-4A1F-B33F-15F8FB9D5A94}.Release|Any CPU.Build.0 = Release|Any CPU
		{537CAE3C-9E86-4A1F-B33F-15F8FB9D5A94}.Debug|Any CPU.ActiveCfg = Debug|Any CPU
		{537CAE3C-9E86-4A1F-B33F-15F8FB9D5A94}.Debug|Any CPU.Build.0 = Debug|Any CPU
		{5DB6C9AA-6234-4138-98F7-A71C78C1CCC2}.Debug|Any CPU.ActiveCfg = Debug|Any CPU
		{5DB6C9AA-6234-4138-98F7-A71C78C1CCC2}.Debug|Any CPU.Build.0 = Debug|Any CPU
		{5DB6C9AA-6234-4138-98F7-A71C78C1CCC2}.Release|Any CPU.ActiveCfg = Release|Any CPU
		{5DB6C9AA-6234-4138-98F7-A71C78C1CCC2}.Release|Any CPU.Build.0 = Release|Any CPU
		{599ECEA1-1F7A-4CCC-B642-71A57B310860}.Debug|Any CPU.ActiveCfg = Debug|Any CPU
		{599ECEA1-1F7A-4CCC-B642-71A57B310860}.Debug|Any CPU.Build.0 = Debug|Any CPU
		{599ECEA1-1F7A-4CCC-B642-71A57B310860}.Release|Any CPU.ActiveCfg = Release|Any CPU
		{599ECEA1-1F7A-4CCC-B642-71A57B310860}.Release|Any CPU.Build.0 = Release|Any CPU
	EndGlobalSection
EndGlobal
